
Microsoft Visual Studio Solution File, Format Version 12.00
# Visual Studio Version 16
VisualStudioVersion = 16.0.30523.141
MinimumVisualStudioVersion = 10.0.40219.1
Project("{8BC9CEB8-8B4A-11D0-8D11-00A0C91BC942}") = "LB_5.1_E", "LB_5.1_E.vcxproj", "{BBD6ABCD-4C41-42A0-AF8D-6AC51F472C07}"
EndProject
Project("{8BC9CEB8-8B4A-11D0-8D11-00A0C91BC942}") = "UnitTest5.1_E", "UnitTest5.1_E\UnitTest5.1_E.vcxproj", "{6CFC7069-9396-4697-B4F4-E2428038BDB5}"
EndProject
Global
	GlobalSection(SolutionConfigurationPlatforms) = preSolution
		Debug|x64 = Debug|x64
		Debug|x86 = Debug|x86
		Release|x64 = Release|x64
		Release|x86 = Release|x86
	EndGlobalSection
	GlobalSection(ProjectConfigurationPlatforms) = postSolution
		{BBD6ABCD-4C41-42A0-AF8D-6AC51F472C07}.Debug|x64.ActiveCfg = Debug|x64
		{BBD6ABCD-4C41-42A0-AF8D-6AC51F472C07}.Debug|x64.Build.0 = Debug|x64
		{BBD6ABCD-4C41-42A0-AF8D-6AC51F472C07}.Debug|x86.ActiveCfg = Debug|Win32
		{BBD6ABCD-4C41-42A0-AF8D-6AC51F472C07}.Debug|x86.Build.0 = Debug|Win32
		{BBD6ABCD-4C41-42A0-AF8D-6AC51F472C07}.Release|x64.ActiveCfg = Release|x64
		{BBD6ABCD-4C41-42A0-AF8D-6AC51F472C07}.Release|x64.Build.0 = Release|x64
		{BBD6ABCD-4C41-42A0-AF8D-6AC51F472C07}.Release|x86.ActiveCfg = Release|Win32
		{BBD6ABCD-4C41-42A0-AF8D-6AC51F472C07}.Release|x86.Build.0 = Release|Win32
		{6CFC7069-9396-4697-B4F4-E2428038BDB5}.Debug|x64.ActiveCfg = Debug|x64
		{6CFC7069-9396-4697-B4F4-E2428038BDB5}.Debug|x64.Build.0 = Debug|x64
		{6CFC7069-9396-4697-B4F4-E2428038BDB5}.Debug|x86.ActiveCfg = Debug|Win32
		{6CFC7069-9396-4697-B4F4-E2428038BDB5}.Debug|x86.Build.0 = Debug|Win32
		{6CFC7069-9396-4697-B4F4-E2428038BDB5}.Release|x64.ActiveCfg = Release|x64
		{6CFC7069-9396-4697-B4F4-E2428038BDB5}.Release|x64.Build.0 = Release|x64
		{6CFC7069-9396-4697-B4F4-E2428038BDB5}.Release|x86.ActiveCfg = Release|Win32
		{6CFC7069-9396-4697-B4F4-E2428038BDB5}.Release|x86.Build.0 = Release|Win32
	EndGlobalSection
	GlobalSection(SolutionProperties) = preSolution
		HideSolutionNode = FALSE
	EndGlobalSection
	GlobalSection(ExtensibilityGlobals) = postSolution
		SolutionGuid = {0ED4A9FC-278D-45D3-9544-710A3301648B}
	EndGlobalSection
EndGlobal
